
Microsoft Visual Studio Solution File, Format Version 10.00
# Visual C# Express 2008
Project("{FAE04EC0-301F-11D3-BF4B-00C04F79EFBC}") = "FastF12 2.0", "FastF12 2.0\FastF12 2.0.csproj", "{C1FC2FB3-7313-407F-9038-56C0F2C3D59F}"
EndProject
Global
	GlobalSection(SolutionConfigurationPlatforms) = preSolution
		Debug|Any CPU = Debug|Any CPU
		Release|Any CPU = Release|Any CPU
	EndGlobalSection
	GlobalSection(ProjectConfigurationPlatforms) = postSolution
		{C1FC2FB3-7313-407F-9038-56C0F2C3D59F}.Debug|Any CPU.ActiveCfg = Debug|Any CPU
		{C1FC2FB3-7313-407F-9038-56C0F2C3D59F}.Debug|Any CPU.Build.0 = Debug|Any CPU
		{C1FC2FB3-7313-407F-9038-56C0F2C3D59F}.Release|Any CPU.ActiveCfg = Release|Any CPU
		{C1FC2FB3-7313-407F-9038-56C0F2C3D59F}.Release|Any CPU.Build.0 = Release|Any CPU
	EndGlobalSection
	GlobalSection(SolutionProperties) = preSolution
		HideSolutionNode = FALSE
	EndGlobalSection
EndGlobal
